
Microsoft Visual Studio Solution File, Format Version 12.00
# Visual Studio Version 17
VisualStudioVersion = 17.3.32825.248
MinimumVisualStudioVersion = 10.0.40219.1
Project("{FAE04EC0-301F-11D3-BF4B-00C04F79EFBC}") = "Predictor", "Predictor\Predictor.csproj", "{A178D003-A4E4-437A-B70C-CC2AC0F89044}"
EndProject
Global
	GlobalSection(SolutionConfigurationPlatforms) = preSolution
		Debug|Any CPU = Debug|Any CPU
		Release|Any CPU = Release|Any CPU
	EndGlobalSection
	GlobalSection(ProjectConfigurationPlatforms) = postSolution
		{A178D003-A4E4-437A-B70C-CC2AC0F89044}.Debug|Any CPU.ActiveCfg = Debug|Any CPU
		{A178D003-A4E4-437A-B70C-CC2AC0F89044}.Debug|Any CPU.Build.0 = Debug|Any CPU
		{A178D003-A4E4-437A-B70C-CC2AC0F89044}.Release|Any CPU.ActiveCfg = Release|Any CPU
		{A178D003-A4E4-437A-B70C-CC2AC0F89044}.Release|Any CPU.Build.0 = Release|Any CPU
	EndGlobalSection
	GlobalSection(SolutionProperties) = preSolution
		HideSolutionNode = FALSE
	EndGlobalSection
	GlobalSection(ExtensibilityGlobals) = postSolution
		SolutionGuid = {290B4FC8-F55E-4AFF-8F0F-6F5ADBA82E89}
	EndGlobalSection
EndGlobal
